
Microsoft Visual Studio Solution File, Format Version 12.00
# Visual Studio Version 16
VisualStudioVersion = 16.0.32002.261
MinimumVisualStudioVersion = 10.0.40219.1
Project("{2150E333-8FDC-42A3-9474-1A3956D46DE8}") = "src", "src", "{12FBED98-3BCD-40A4-8E55-0C37956C525E}"
EndProject
Project("{FAE04EC0-301F-11D3-BF4B-00C04F79EFBC}") = "Domain", "Domain\Domain.csproj", "{005BCB7A-00D2-4CEE-94C0-33F354AE3214}"
EndProject
Project("{FAE04EC0-301F-11D3-BF4B-00C04F79EFBC}") = "Application", "Application\Application.csproj", "{A1B25B77-BEC6-4DA4-A360-AA21AE1EC28B}"
EndProject
Project("{FAE04EC0-301F-11D3-BF4B-00C04F79EFBC}") = "Infrastructure", "Infrastructure\Infrastructure.csproj", "{24C5FCC6-4448-4F6D-87E0-7721BEEF313C}"
EndProject
Project("{FAE04EC0-301F-11D3-BF4B-00C04F79EFBC}") = "WebAPI", "WebAPI\WebAPI.csproj", "{32017037-F39F-4AB1-8ACB-678920564BFD}"
EndProject
Global
	GlobalSection(SolutionConfigurationPlatforms) = preSolution
		Debug|Any CPU = Debug|Any CPU
		Release|Any CPU = Release|Any CPU
	EndGlobalSection
	GlobalSection(ProjectConfigurationPlatforms) = postSolution
		{005BCB7A-00D2-4CEE-94C0-33F354AE3214}.Debug|Any CPU.ActiveCfg = Debug|Any CPU
		{005BCB7A-00D2-4CEE-94C0-33F354AE3214}.Debug|Any CPU.Build.0 = Debug|Any CPU
		{005BCB7A-00D2-4CEE-94C0-33F354AE3214}.Release|Any CPU.ActiveCfg = Release|Any CPU
		{005BCB7A-00D2-4CEE-94C0-33F354AE3214}.Release|Any CPU.Build.0 = Release|Any CPU
		{A1B25B77-BEC6-4DA4-A360-AA21AE1EC28B}.Debug|Any CPU.ActiveCfg = Debug|Any CPU
		{A1B25B77-BEC6-4DA4-A360-AA21AE1EC28B}.Debug|Any CPU.Build.0 = Debug|Any CPU
		{A1B25B77-BEC6-4DA4-A360-AA21AE1EC28B}.Release|Any CPU.ActiveCfg = Release|Any CPU
		{A1B25B77-BEC6-4DA4-A360-AA21AE1EC28B}.Release|Any CPU.Build.0 = Release|Any CPU
		{24C5FCC6-4448-4F6D-87E0-7721BEEF313C}.Debug|Any CPU.ActiveCfg = Debug|Any CPU
		{24C5FCC6-4448-4F6D-87E0-7721BEEF313C}.Debug|Any CPU.Build.0 = Debug|Any CPU
		{24C5FCC6-4448-4F6D-87E0-7721BEEF313C}.Release|Any CPU.ActiveCfg = Release|Any CPU
		{24C5FCC6-4448-4F6D-87E0-7721BEEF313C}.Release|Any CPU.Build.0 = Release|Any CPU
		{32017037-F39F-4AB1-8ACB-678920564BFD}.Debug|Any CPU.ActiveCfg = Debug|Any CPU
		{32017037-F39F-4AB1-8ACB-678920564BFD}.Debug|Any CPU.Build.0 = Debug|Any CPU
		{32017037-F39F-4AB1-8ACB-678920564BFD}.Release|Any CPU.ActiveCfg = Release|Any CPU
		{32017037-F39F-4AB1-8ACB-678920564BFD}.Release|Any CPU.Build.0 = Release|Any CPU
	EndGlobalSection
	GlobalSection(SolutionProperties) = preSolution
		HideSolutionNode = FALSE
	EndGlobalSection
	GlobalSection(NestedProjects) = preSolution
		{005BCB7A-00D2-4CEE-94C0-33F354AE3214} = {12FBED98-3BCD-40A4-8E55-0C37956C525E}
		{A1B25B77-BEC6-4DA4-A360-AA21AE1EC28B} = {12FBED98-3BCD-40A4-8E55-0C37956C525E}
		{24C5FCC6-4448-4F6D-87E0-7721BEEF313C} = {12FBED98-3BCD-40A4-8E55-0C37956C525E}
		{32017037-F39F-4AB1-8ACB-678920564BFD} = {12FBED98-3BCD-40A4-8E55-0C37956C525E}
	EndGlobalSection
	GlobalSection(ExtensibilityGlobals) = postSolution
		SolutionGuid = {AB0BD12C-0856-46FE-B6BF-8B5289210E9A}
	EndGlobalSection
EndGlobal
